
Microsoft Visual Studio Solution File, Format Version 12.00
# Visual Studio Version 16
VisualStudioVersion = 16.0.30711.63
MinimumVisualStudioVersion = 10.0.40219.1
Project("{8BC9CEB8-8B4A-11D0-8D11-00A0C91BC942}") = "c_STL_1(deque順序容器)", "c_STL_1(deque順序容器)\c_STL_1.vcxproj", "{77C6B7FE-4924-4B76-8783-6831DCA952D8}"
EndProject
Project("{8BC9CEB8-8B4A-11D0-8D11-00A0C91BC942}") = "c_STL_2(list順序容器)", "c_STL_2(list順序容器)\c_STL_2(list順序容器).vcxproj", "{9FC3E3DC-6034-4592-AE3C-9A3A5F57066F}"
EndProject
Project("{8BC9CEB8-8B4A-11D0-8D11-00A0C91BC942}") = "c_STL_3(stack棧)", "C_STL_3(stack棧)\C_STL_3(stack棧).vcxproj", "{E0107EEF-A7F9-4CEC-ACFE-2EDB7E6F755C}"
EndProject
Project("{8BC9CEB8-8B4A-11D0-8D11-00A0C91BC942}") = "c_STL_4(queue隊列)", "c_STL_4(queue隊列)\c_STL_4(queue隊列).vcxproj", "{39F19637-B227-492B-8631-2B782F2B80EE}"
EndProject
Project("{8BC9CEB8-8B4A-11D0-8D11-00A0C91BC942}") = "c_STL_5(priority_queue優先級隊列)", "c_STL_5(priority_queue優先級隊列)\c_STL_5(priority_queue優先級隊列).vcxproj", "{DB389828-B44B-426C-A6ED-793FAABFFA5B}"
EndProject
Project("{8BC9CEB8-8B4A-11D0-8D11-00A0C91BC942}") = "c_STL_6(順序容器總結)", "c_STL_6(順序容器總結)\c_STL_6(順序容器總結).vcxproj", "{C7B423CA-6E06-410E-A4B9-97D91A6D752F}"
EndProject
Project("{8BC9CEB8-8B4A-11D0-8D11-00A0C91BC942}") = "c_STL_7(迭代器和迭代器範圍)", "c_STL_7(迭代器和迭代器範圍)\c_STL_7(迭代器和迭代器範圍).vcxproj", "{EF9305B0-A5DD-402F-B539-1E64670AE614}"
EndProject
Project("{8BC9CEB8-8B4A-11D0-8D11-00A0C91BC942}") = "c_STL_8(順序容器的操作)", "c_STL_8(順序容器的操作1)\c_STL_8(順序容器的操作1).vcxproj", "{A4542A4E-0D8B-48C7-8691-4A8A7D711746}"
EndProject
Project("{8BC9CEB8-8B4A-11D0-8D11-00A0C91BC942}") = "c_STL_9(关联式容器)", "c_STL_9(關聯式容器)\c_STL_9(關聯式容器).vcxproj", "{C0AEE2F3-A5F0-437C-AE4D-0D3DF07B2F4C}"
EndProject
Project("{8BC9CEB8-8B4A-11D0-8D11-00A0C91BC942}") = "c_STL_10(vector)", "c_STL_10(使用分配器)\c_STL_10(使用分配器).vcxproj", "{348BA1E2-EB19-40DE-A73F-6A1ED46A6E48}"
EndProject
Project("{8BC9CEB8-8B4A-11D0-8D11-00A0C91BC942}") = "c_STL_11(string)", "c_STL_11(string)\c_STL_11(string).vcxproj", "{B08D232C-4A76-4D82-9475-A4BC46ED4F40}"
EndProject
Project("{8BC9CEB8-8B4A-11D0-8D11-00A0C91BC942}") = "case_1(评委打分)", "case_1(评委打分)\case_1(评委打分).vcxproj", "{A815596E-7EDC-4016-8873-9D26CFDBCB15}"
EndProject
Project("{8BC9CEB8-8B4A-11D0-8D11-00A0C91BC942}") = "c_STL_12(set)", "c_STL_12(set)\c_STL_12(set).vcxproj", "{919D728E-7479-4D82-AC45-69D660C6D98F}"
EndProject
Project("{8BC9CEB8-8B4A-11D0-8D11-00A0C91BC942}") = "c_STL_13(pair)", "c_STL_13(pair)\c_STL_13(pair).vcxproj", "{C96E5F7D-CDC1-4BC0-B3D3-71035592E413}"
EndProject
Project("{8BC9CEB8-8B4A-11D0-8D11-00A0C91BC942}") = "c_STL_14(set自定义数据排序)", "c_STL_14(set自定义数据排序)\c_STL_14(set自定义数据排序).vcxproj", "{784C6CAD-6A47-45DF-BDFB-F5E26D167629}"
EndProject
Global
	GlobalSection(SolutionConfigurationPlatforms) = preSolution
		Debug|x64 = Debug|x64
		Debug|x86 = Debug|x86
		Release|x64 = Release|x64
		Release|x86 = Release|x86
	EndGlobalSection
	GlobalSection(ProjectConfigurationPlatforms) = postSolution
		{77C6B7FE-4924-4B76-8783-6831DCA952D8}.Debug|x64.ActiveCfg = Debug|x64
		{77C6B7FE-4924-4B76-8783-6831DCA952D8}.Debug|x64.Build.0 = Debug|x64
		{77C6B7FE-4924-4B76-8783-6831DCA952D8}.Debug|x86.ActiveCfg = Debug|Win32
		{77C6B7FE-4924-4B76-8783-6831DCA952D8}.Debug|x86.Build.0 = Debug|Win32
		{77C6B7FE-4924-4B76-8783-6831DCA952D8}.Release|x64.ActiveCfg = Release|x64
		{77C6B7FE-4924-4B76-8783-6831DCA952D8}.Release|x64.Build.0 = Release|x64
		{77C6B7FE-4924-4B76-8783-6831DCA952D8}.Release|x86.ActiveCfg = Release|Win32
		{77C6B7FE-4924-4B76-8783-6831DCA952D8}.Release|x86.Build.0 = Release|Win32
		{9FC3E3DC-6034-4592-AE3C-9A3A5F57066F}.Debug|x64.ActiveCfg = Debug|x64
		{9FC3E3DC-6034-4592-AE3C-9A3A5F57066F}.Debug|x64.Build.0 = Debug|x64
		{9FC3E3DC-6034-4592-AE3C-9A3A5F57066F}.Debug|x86.ActiveCfg = Debug|Win32
		{9FC3E3DC-6034-4592-AE3C-9A3A5F57066F}.Debug|x86.Build.0 = Debug|Win32
		{9FC3E3DC-6034-4592-AE3C-9A3A5F57066F}.Release|x64.ActiveCfg = Release|x64
		{9FC3E3DC-6034-4592-AE3C-9A3A5F57066F}.Release|x64.Build.0 = Release|x64
		{9FC3E3DC-6034-4592-AE3C-9A3A5F57066F}.Release|x86.ActiveCfg = Release|Win32
		{9FC3E3DC-6034-4592-AE3C-9A3A5F57066F}.Release|x86.Build.0 = Release|Win32
		{E0107EEF-A7F9-4CEC-ACFE-2EDB7E6F755C}.Debug|x64.ActiveCfg = Debug|x64
		{E0107EEF-A7F9-4CEC-ACFE-2EDB7E6F755C}.Debug|x64.Build.0 = Debug|x64
		{E0107EEF-A7F9-4CEC-ACFE-2EDB7E6F755C}.Debug|x86.ActiveCfg = Debug|Win32
		{E0107EEF-A7F9-4CEC-ACFE-2EDB7E6F755C}.Debug|x86.Build.0 = Debug|Win32
		{E0107EEF-A7F9-4CEC-ACFE-2EDB7E6F755C}.Release|x64.ActiveCfg = Release|x64
		{E0107EEF-A7F9-4CEC-ACFE-2EDB7E6F755C}.Release|x64.Build.0 = Release|x64
		{E0107EEF-A7F9-4CEC-ACFE-2EDB7E6F755C}.Release|x86.ActiveCfg = Release|Win32
		{E0107EEF-A7F9-4CEC-ACFE-2EDB7E6F755C}.Release|x86.Build.0 = Release|Win32
		{39F19637-B227-492B-8631-2B782F2B80EE}.Debug|x64.ActiveCfg = Debug|x64
		{39F19637-B227-492B-8631-2B782F2B80EE}.Debug|x64.Build.0 = Debug|x64
		{39F19637-B227-492B-8631-2B782F2B80EE}.Debug|x86.ActiveCfg = Debug|Win32
		{39F19637-B227-492B-8631-2B782F2B80EE}.Debug|x86.Build.0 = Debug|Win32
		{39F19637-B227-492B-8631-2B782F2B80EE}.Release|x64.ActiveCfg = Release|x64
		{39F19637-B227-492B-8631-2B782F2B80EE}.Release|x64.Build.0 = Release|x64
		{39F19637-B227-492B-8631-2B782F2B80EE}.Release|x86.ActiveCfg = Release|Win32
		{39F19637-B227-492B-8631-2B782F2B80EE}.Release|x86.Build.0 = Release|Win32
		{DB389828-B44B-426C-A6ED-793FAABFFA5B}.Debug|x64.ActiveCfg = Debug|x64
		{DB389828-B44B-426C-A6ED-793FAABFFA5B}.Debug|x64.Build.0 = Debug|x64
		{DB389828-B44B-426C-A6ED-793FAABFFA5B}.Debug|x86.ActiveCfg = Debug|Win32
		{DB389828-B44B-426C-A6ED-793FAABFFA5B}.Debug|x86.Build.0 = Debug|Win32
		{DB389828-B44B-426C-A6ED-793FAABFFA5B}.Release|x64.ActiveCfg = Release|x64
		{DB389828-B44B-426C-A6ED-793FAABFFA5B}.Release|x64.Build.0 = Release|x64
		{DB389828-B44B-426C-A6ED-793FAABFFA5B}.Release|x86.ActiveCfg = Release|Win32
		{DB389828-B44B-426C-A6ED-793FAABFFA5B}.Release|x86.Build.0 = Release|Win32
		{C7B423CA-6E06-410E-A4B9-97D91A6D752F}.Debug|x64.ActiveCfg = Debug|x64
		{C7B423CA-6E06-410E-A4B9-97D91A6D752F}.Debug|x64.Build.0 = Debug|x64
		{C7B423CA-6E06-410E-A4B9-97D91A6D752F}.Debug|x86.ActiveCfg = Debug|Win32
		{C7B423CA-6E06-410E-A4B9-97D91A6D752F}.Debug|x86.Build.0 = Debug|Win32
		{C7B423CA-6E06-410E-A4B9-97D91A6D752F}.Release|x64.ActiveCfg = Release|x64
		{C7B423CA-6E06-410E-A4B9-97D91A6D752F}.Release|x64.Build.0 = Release|x64
		{C7B423CA-6E06-410E-A4B9-97D91A6D752F}.Release|x86.ActiveCfg = Release|Win32
		{C7B423CA-6E06-410E-A4B9-97D91A6D752F}.Release|x86.Build.0 = Release|Win32
		{EF9305B0-A5DD-402F-B539-1E64670AE614}.Debug|x64.ActiveCfg = Debug|x64
		{EF9305B0-A5DD-402F-B539-1E64670AE614}.Debug|x64.Build.0 = Debug|x64
		{EF9305B0-A5DD-402F-B539-1E64670AE614}.Debug|x86.ActiveCfg = Debug|Win32
		{EF9305B0-A5DD-402F-B539-1E64670AE614}.Debug|x86.Build.0 = Debug|Win32
		{EF9305B0-A5DD-402F-B539-1E64670AE614}.Release|x64.ActiveCfg = Release|x64
		{EF9305B0-A5DD-402F-B539-1E64670AE614}.Release|x64.Build.0 = Release|x64
		{EF9305B0-A5DD-402F-B539-1E64670AE614}.Release|x86.ActiveCfg = Release|Win32
		{EF9305B0-A5DD-402F-B539-1E64670AE614}.Release|x86.Build.0 = Release|Win32
		{A4542A4E-0D8B-48C7-8691-4A8A7D711746}.Debug|x64.ActiveCfg = Debug|x64
		{A4542A4E-0D8B-48C7-8691-4A8A7D711746}.Debug|x64.Build.0 = Debug|x64
		{A4542A4E-0D8B-48C7-8691-4A8A7D711746}.Debug|x86.ActiveCfg = Debug|Win32
		{A4542A4E-0D8B-48C7-8691-4A8A7D711746}.Debug|x86.Build.0 = Debug|Win32
		{A4542A4E-0D8B-48C7-8691-4A8A7D711746}.Release|x64.ActiveCfg = Release|x64
		{A4542A4E-0D8B-48C7-8691-4A8A7D711746}.Release|x64.Build.0 = Release|x64
		{A4542A4E-0D8B-48C7-8691-4A8A7D711746}.Release|x86.ActiveCfg = Release|Win32
		{A4542A4E-0D8B-48C7-8691-4A8A7D711746}.Release|x86.Build.0 = Release|Win32
		{C0AEE2F3-A5F0-437C-AE4D-0D3DF07B2F4C}.Debug|x64.ActiveCfg = Debug|x64
		{C0AEE2F3-A5F0-437C-AE4D-0D3DF07B2F4C}.Debug|x64.Build.0 = Debug|x64
		{C0AEE2F3-A5F0-437C-AE4D-0D3DF07B2F4C}.Debug|x86.ActiveCfg = Debug|Win32
		{C0AEE2F3-A5F0-437C-AE4D-0D3DF07B2F4C}.Debug|x86.Build.0 = Debug|Win32
		{C0AEE2F3-A5F0-437C-AE4D-0D3DF07B2F4C}.Release|x64.ActiveCfg = Release|x64
		{C0AEE2F3-A5F0-437C-AE4D-0D3DF07B2F4C}.Release|x64.Build.0 = Release|x64
		{C0AEE2F3-A5F0-437C-AE4D-0D3DF07B2F4C}.Release|x86.ActiveCfg = Release|Win32
		{C0AEE2F3-A5F0-437C-AE4D-0D3DF07B2F4C}.Release|x86.Build.0 = Release|Win32
		{348BA1E2-EB19-40DE-A73F-6A1ED46A6E48}.Debug|x64.ActiveCfg = Debug|x64
		{348BA1E2-EB19-40DE-A73F-6A1ED46A6E48}.Debug|x64.Build.0 = Debug|x64
		{348BA1E2-EB19-40DE-A73F-6A1ED46A6E48}.Debug|x86.ActiveCfg = Debug|Win32
		{348BA1E2-EB19-40DE-A73F-6A1ED46A6E48}.Debug|x86.Build.0 = Debug|Win32
		{348BA1E2-EB19-40DE-A73F-6A1ED46A6E48}.Release|x64.ActiveCfg = Release|x64
		{348BA1E2-EB19-40DE-A73F-6A1ED46A6E48}.Release|x64.Build.0 = Release|x64
		{348BA1E2-EB19-40DE-A73F-6A1ED46A6E48}.Release|x86.ActiveCfg = Release|Win32
		{348BA1E2-EB19-40DE-A73F-6A1ED46A6E48}.Release|x86.Build.0 = Release|Win32
		{B08D232C-4A76-4D82-9475-A4BC46ED4F40}.Debug|x64.ActiveCfg = Debug|x64
		{B08D232C-4A76-4D82-9475-A4BC46ED4F40}.Debug|x64.Build.0 = Debug|x64
		{B08D232C-4A76-4D82-9475-A4BC46ED4F40}.Debug|x86.ActiveCfg = Debug|Win32
		{B08D232C-4A76-4D82-9475-A4BC46ED4F40}.Debug|x86.Build.0 = Debug|Win32
		{B08D232C-4A76-4D82-9475-A4BC46ED4F40}.Release|x64.ActiveCfg = Release|x64
		{B08D232C-4A76-4D82-9475-A4BC46ED4F40}.Release|x64.Build.0 = Release|x64
		{B08D232C-4A76-4D82-9475-A4BC46ED4F40}.Release|x86.ActiveCfg = Release|Win32
		{B08D232C-4A76-4D82-9475-A4BC46ED4F40}.Release|x86.Build.0 = Release|Win32
		{A815596E-7EDC-4016-8873-9D26CFDBCB15}.Debug|x64.ActiveCfg = Debug|x64
		{A815596E-7EDC-4016-8873-9D26CFDBCB15}.Debug|x64.Build.0 = Debug|x64
		{A815596E-7EDC-4016-8873-9D26CFDBCB15}.Debug|x86.ActiveCfg = Debug|Win32
		{A815596E-7EDC-4016-8873-9D26CFDBCB15}.Debug|x86.Build.0 = Debug|Win32
		{A815596E-7EDC-4016-8873-9D26CFDBCB15}.Release|x64.ActiveCfg = Release|x64
		{A815596E-7EDC-4016-8873-9D26CFDBCB15}.Release|x64.Build.0 = Release|x64
		{A815596E-7EDC-4016-8873-9D26CFDBCB15}.Release|x86.ActiveCfg = Release|Win32
		{A815596E-7EDC-4016-8873-9D26CFDBCB15}.Release|x86.Build.0 = Release|Win32
		{919D728E-7479-4D82-AC45-69D660C6D98F}.Debug|x64.ActiveCfg = Debug|x64
		{919D728E-7479-4D82-AC45-69D660C6D98F}.Debug|x64.Build.0 = Debug|x64
		{919D728E-7479-4D82-AC45-69D660C6D98F}.Debug|x86.ActiveCfg = Debug|Win32
		{919D728E-7479-4D82-AC45-69D660C6D98F}.Debug|x86.Build.0 = Debug|Win32
		{919D728E-7479-4D82-AC45-69D660C6D98F}.Release|x64.ActiveCfg = Release|x64
		{919D728E-7479-4D82-AC45-69D660C6D98F}.Release|x64.Build.0 = Release|x64
		{919D728E-7479-4D82-AC45-69D660C6D98F}.Release|x86.ActiveCfg = Release|Win32
		{919D728E-7479-4D82-AC45-69D660C6D98F}.Release|x86.Build.0 = Release|Win32
		{C96E5F7D-CDC1-4BC0-B3D3-71035592E413}.Debug|x64.ActiveCfg = Debug|x64
		{C96E5F7D-CDC1-4BC0-B3D3-71035592E413}.Debug|x64.Build.0 = Debug|x64
		{C96E5F7D-CDC1-4BC0-B3D3-71035592E413}.Debug|x86.ActiveCfg = Debug|Win32
		{C96E5F7D-CDC1-4BC0-B3D3-71035592E413}.Debug|x86.Build.0 = Debug|Win32
		{C96E5F7D-CDC1-4BC0-B3D3-71035592E413}.Release|x64.ActiveCfg = Release|x64
		{C96E5F7D-CDC1-4BC0-B3D3-71035592E413}.Release|x64.Build.0 = Release|x64
		{C96E5F7D-CDC1-4BC0-B3D3-71035592E413}.Release|x86.ActiveCfg = Release|Win32
		{C96E5F7D-CDC1-4BC0-B3D3-71035592E413}.Release|x86.Build.0 = Release|Win32
		{784C6CAD-6A47-45DF-BDFB-F5E26D167629}.Debug|x64.ActiveCfg = Debug|x64
		{784C6CAD-6A47-45DF-BDFB-F5E26D167629}.Debug|x64.Build.0 = Debug|x64
		{784C6CAD-6A47-45DF-BDFB-F5E26D167629}.Debug|x86.ActiveCfg = Debug|Win32
		{784C6CAD-6A47-45DF-BDFB-F5E26D167629}.Debug|x86.Build.0 = Debug|Win32
		{784C6CAD-6A47-45DF-BDFB-F5E26D167629}.Release|x64.ActiveCfg = Release|x64
		{784C6CAD-6A47-45DF-BDFB-F5E26D167629}.Release|x64.Build.0 = Release|x64
		{784C6CAD-6A47-45DF-BDFB-F5E26D167629}.Release|x86.ActiveCfg = Release|Win32
		{784C6CAD-6A47-45DF-BDFB-F5E26D167629}.Release|x86.Build.0 = Release|Win32
	EndGlobalSection
	GlobalSection(SolutionProperties) = preSolution
		HideSolutionNode = FALSE
	EndGlobalSection
	GlobalSection(ExtensibilityGlobals) = postSolution
		SolutionGuid = {4C0ECC1B-A8F0-4335-B311-ED01D96D0B4B}
	EndGlobalSection
EndGlobal
